
Microsoft Visual Studio Solution File, Format Version 12.00
# Visual Studio Version 17
VisualStudioVersion = 17.14.36705.20
MinimumVisualStudioVersion = 10.0.40219.1
Project("{FAE04EC0-301F-11D3-BF4B-00C04F79EFBC}") = "WebApplication1", "WebApplication1.csproj", "{7B1FBF71-85BD-4C53-B27F-3AE876020DDD}"
EndProject
Global
	GlobalSection(SolutionConfigurationPlatforms) = preSolution
		Debug|Any CPU = Debug|Any CPU
		Release|Any CPU = Release|Any CPU
	EndGlobalSection
	GlobalSection(ProjectConfigurationPlatforms) = postSolution
		{7B1FBF71-85BD-4C53-B27F-3AE876020DDD}.Debug|Any CPU.ActiveCfg = Debug|Any CPU
		{7B1FBF71-85BD-4C53-B27F-3AE876020DDD}.Debug|Any CPU.Build.0 = Debug|Any CPU
		{7B1FBF71-85BD-4C53-B27F-3AE876020DDD}.Release|Any CPU.ActiveCfg = Release|Any CPU
		{7B1FBF71-85BD-4C53-B27F-3AE876020DDD}.Release|Any CPU.Build.0 = Release|Any CPU
	EndGlobalSection
	GlobalSection(SolutionProperties) = preSolution
		HideSolutionNode = FALSE
	EndGlobalSection
	GlobalSection(ExtensibilityGlobals) = postSolution
		SolutionGuid = {E406C693-D5B9-47B2-B017-6F45A2E594A7}
	EndGlobalSection
EndGlobal
